
Microsoft Visual Studio Solution File, Format Version 12.00
# Visual Studio Version 17
VisualStudioVersion = 17.3.32811.315
MinimumVisualStudioVersion = 10.0.40219.1
Project("{FAE04EC0-301F-11D3-BF4B-00C04F79EFBC}") = "VasRecords", "VasRecords.csproj", "{052145A0-06B5-4AD5-BBAA-9520CB4866CD}"
EndProject
Global
	GlobalSection(SolutionConfigurationPlatforms) = preSolution
		Debug|Any CPU = Debug|Any CPU
		Release|Any CPU = Release|Any CPU
	EndGlobalSection
	GlobalSection(ProjectConfigurationPlatforms) = postSolution
		{052145A0-06B5-4AD5-BBAA-9520CB4866CD}.Debug|Any CPU.ActiveCfg = Debug|Any CPU
		{052145A0-06B5-4AD5-BBAA-9520CB4866CD}.Debug|Any CPU.Build.0 = Debug|Any CPU
		{052145A0-06B5-4AD5-BBAA-9520CB4866CD}.Release|Any CPU.ActiveCfg = Release|Any CPU
		{052145A0-06B5-4AD5-BBAA-9520CB4866CD}.Release|Any CPU.Build.0 = Release|Any CPU
	EndGlobalSection
	GlobalSection(SolutionProperties) = preSolution
		HideSolutionNode = FALSE
	EndGlobalSection
	GlobalSection(ExtensibilityGlobals) = postSolution
		SolutionGuid = {E9ACC91A-0A24-4DE0-94A6-FB8B8112DEBE}
	EndGlobalSection
EndGlobal
